# This file is automatically @generated by Poetry 1.8.2 and should not be changed by hand.

[[package]]
name = "dearpygui"
version = "2.0.0"
description = "DearPyGui: A simple Python GUI Toolkit"
optional = false
python-versions = ">=3.8"
files = [
    {file = "dearpygui-2.0.0-cp310-cp310-macosx_10_6_x86_64.whl", hash = "sha256:6126eec4217de6dfbe0aef4b96a0f4b385f85dab538ee806d51c5f9a5ba77c6b"},
    {file = "dearpygui-2.0.0-cp310-cp310-macosx_13_0_arm64.whl", hash = "sha256:340ddc3884740aabcddf696f984c1ff2a06b91050bf5030ab264dc9908f1329a"},
    {file = "dearpygui-2.0.0-cp310-cp310-manylinux1_x86_64.whl", hash = "sha256:68f749fcd36ffc9cef399fb64b0dab5a4075c63574150a163208f8204f778859"},
    {file = "dearpygui-2.0.0-cp310-cp310-win_amd64.whl", hash = "sha256:d287233603338a811b59da0af8194ff7cd7b8da768c1d056fe17b6d8a7b36a6f"},
    {file = "dearpygui-2.0.0-cp311-cp311-macosx_10_6_x86_64.whl", hash = "sha256:ee81dd58b06161b5098e11fce5514f621f1fe7670c63711a4397cb1bc108dfe5"},
    {file = "dearpygui-2.0.0-cp311-cp311-macosx_13_0_arm64.whl", hash = "sha256:5802886d4c44362764882b9339a0dbe85f9b445a98560f791acb164febc4df32"},
    {file = "dearpygui-2.0.0-cp311-cp311-manylinux1_x86_64.whl", hash = "sha256:8d5049aa54835a51cc304752a0831ad71a6ca05ee7a33e0b82f7e7e8c8ecda21"},
    {file = "dearpygui-2.0.0-cp311-cp311-win_amd64.whl", hash = "sha256:73643b3528dd4b03cb22ad64afe960dc8ddd3023f211fd405eabb861fc4dd129"},
    {file = "dearpygui-2.0.0-cp312-cp312-macosx_10_6_x86_64.whl", hash = "sha256:f0383d74f628ae4622863afff84ab262c9f5163a769836eb470c7243dc9ced0c"},
    {file = "dearpygui-2.0.0-cp312-cp312-macosx_13_0_arm64.whl", hash = "sha256:52c32da6911881564b6cbd95e110d6956095f7a417d2e0c12dcda8274c4fbe72"},
    {file = "dearpygui-2.0.0-cp312-cp312-manylinux1_x86_64.whl", hash = "sha256:d27f7e64a282c7f0c1387003ec3b247b2c3c1583aea9427283633ad508aa2da6"},
    {file = "dearpygui-2.0.0-cp312-cp312-win_amd64.whl", hash = "sha256:29881d01e5d0cce0980a8d8b9761c74ff2f30d16aa800e6002a244bbc894b34e"},
    {file = "dearpygui-2.0.0-cp313-cp313-macosx_10_6_x86_64.whl", hash = "sha256:3bf0aa19baedb4f130b8de636d4644740ffd9b7008481794c574bf59240808dc"},
    {file = "dearpygui-2.0.0-cp313-cp313-macosx_13_0_arm64.whl", hash = "sha256:ae6fc9aa3390b29387c2bc2bf3ac7a92c10eae2b479818171864fc29a7de344e"},
    {file = "dearpygui-2.0.0-cp313-cp313-manylinux1_x86_64.whl", hash = "sha256:f02b0ab56700a775d7e6446e3c424d5bed3386efe721a04518d02461851daadf"},
    {file = "dearpygui-2.0.0-cp313-cp313-win_amd64.whl", hash = "sha256:e3d52057f49773b10808962806711c3b3119e829d36407afb84ad50522edc9b0"},
    {file = "dearpygui-2.0.0-cp38-cp38-macosx_10_6_x86_64.whl", hash = "sha256:3aaa549d7e9b4b9e591cd785f9cdbe3650fea724ee099f774e066ad97c374c55"},
    {file = "dearpygui-2.0.0-cp38-cp38-manylinux1_x86_64.whl", hash = "sha256:400b0a209674dfaf3e223b5465838e1d9fd25102203eed81518ff842f9caf7f1"},
    {file = "dearpygui-2.0.0-cp38-cp38-win_amd64.whl", hash = "sha256:52cabe531449804b35e1ac36e48e1cf9b784b1c1752395dabf95df8d607fc2d8"},
    {file = "dearpygui-2.0.0-cp39-cp39-macosx_10_6_x86_64.whl", hash = "sha256:751f58355631924b17b543db1c366d69ca056f050556952c23e051ebd1a8ac76"},
    {file = "dearpygui-2.0.0-cp39-cp39-manylinux1_x86_64.whl", hash = "sha256:9a3f0562d47e664c044bcb75868d7f3cc22456866f32f6b4bad22e377d4eef3a"},
    {file = "dearpygui-2.0.0-cp39-cp39-win_amd64.whl", hash = "sha256:ffe10b14f836cea82881fb9f66e464877429ce3ff2fbc3e33d239881cd52bada"},
]

[metadata]
lock-version = "2.0"
python-versions = "^3.12"
content-hash = "aa132933e55ac2fd99154a2e3cf4a1c86328eeaec90eef32edce0f7198ebda79"
